Microsoft Visual Studio Solution File, Format Version 11.00
# Visual Studio 2008

Project("{0658B6D9-CAA4-B691-FC21-F95A3FF3B966}") = "IbeliveInMiracles", "Assembly-CSharp.csproj", "{89A6EB22-5C9B-19ED-55D9-1DA415D88F7E}"
EndProject
Global
	GlobalSection(SolutionConfigurationPlatforms) = preSolution
		Debug|Any CPU = Debug|Any CPU
		Release|Any CPU = Release|Any CPU
	EndGlobalSection
	GlobalSection(ProjectConfigurationPlatforms) = postSolution
		{89A6EB22-5C9B-19ED-55D9-1DA415D88F7E}.Debug|Any CPU.ActiveCfg = Debug|Any CPU
		{89A6EB22-5C9B-19ED-55D9-1DA415D88F7E}.Debug|Any CPU.Build.0 = Debug|Any CPU
		{89A6EB22-5C9B-19ED-55D9-1DA415D88F7E}.Release|Any CPU.ActiveCfg = Release|Any CPU
		{89A6EB22-5C9B-19ED-55D9-1DA415D88F7E}.Release|Any CPU.Build.0 = Release|Any CPU
	EndGlobalSection
	GlobalSection(SolutionProperties) = preSolution
		HideSolutionNode = FALSE
	EndGlobalSection
	GlobalSection(MonoDevelopProperties) = preSolution
		StartupItem = Assembly-CSharp.csproj
	EndGlobalSection
EndGlobal
